
Microsoft Visual Studio Solution File, Format Version 12.00
# Visual Studio Version 17
VisualStudioVersion = 17.5.33516.290
MinimumVisualStudioVersion = 10.0.40219.1
Project("{FAE04EC0-301F-11D3-BF4B-00C04F79EFBC}") = "P5M", "P5M\P5M.csproj", "{91E814AB-92B4-4733-93BF-37153A940E0C}"
EndProject
Global
	GlobalSection(SolutionConfigurationPlatforms) = preSolution
		Debug|Any CPU = Debug|Any CPU
		Release|Any CPU = Release|Any CPU
	EndGlobalSection
	GlobalSection(ProjectConfigurationPlatforms) = postSolution
		{91E814AB-92B4-4733-93BF-37153A940E0C}.Debug|Any CPU.ActiveCfg = Debug|Any CPU
		{91E814AB-92B4-4733-93BF-37153A940E0C}.Debug|Any CPU.Build.0 = Debug|Any CPU
		{91E814AB-92B4-4733-93BF-37153A940E0C}.Release|Any CPU.ActiveCfg = Release|Any CPU
		{91E814AB-92B4-4733-93BF-37153A940E0C}.Release|Any CPU.Build.0 = Release|Any CPU
	EndGlobalSection
	GlobalSection(SolutionProperties) = preSolution
		HideSolutionNode = FALSE
	EndGlobalSection
	GlobalSection(ExtensibilityGlobals) = postSolution
		SolutionGuid = {23386D0E-9048-445B-9F7B-BD41FA790241}
	EndGlobalSection
EndGlobal
